
Microsoft Visual Studio Solution File, Format Version 12.00
# Visual Studio Version 17
VisualStudioVersion = 17.0.31919.166
MinimumVisualStudioVersion = 10.0.40219.1
Project("{FAE04EC0-301F-11D3-BF4B-00C04F79EFBC}") = "01.LinearDS", "01.LinearDS\01.LinearDS.csproj", "{ECA026EF-CB45-4F34-9DA8-F7E175C2A3C0}"
EndProject
Global
	GlobalSection(SolutionConfigurationPlatforms) = preSolution
		Debug|Any CPU = Debug|Any CPU
		Release|Any CPU = Release|Any CPU
	EndGlobalSection
	GlobalSection(ProjectConfigurationPlatforms) = postSolution
		{ECA026EF-CB45-4F34-9DA8-F7E175C2A3C0}.Debug|Any CPU.ActiveCfg = Debug|Any CPU
		{ECA026EF-CB45-4F34-9DA8-F7E175C2A3C0}.Debug|Any CPU.Build.0 = Debug|Any CPU
		{ECA026EF-CB45-4F34-9DA8-F7E175C2A3C0}.Release|Any CPU.ActiveCfg = Release|Any CPU
		{ECA026EF-CB45-4F34-9DA8-F7E175C2A3C0}.Release|Any CPU.Build.0 = Release|Any CPU
	EndGlobalSection
	GlobalSection(SolutionProperties) = preSolution
		HideSolutionNode = FALSE
	EndGlobalSection
	GlobalSection(ExtensibilityGlobals) = postSolution
		SolutionGuid = {2C7FC2F0-529D-403A-8748-857180AF586A}
	EndGlobalSection
EndGlobal
